{
  "version": 4,
  "terraform_version": "1.0.0",
  "serial": 212,
  "lineage": "b2d10f83-63b5-9128-83a6-1b1b012a92d3",
  "outputs": {},
  "resources": [
    {
      "module": "module.website",
      "mode": "data",
      "type": "aws_iam_policy_document",
      "name": "website_policy",
      "provider": "provider[\"registry.terraform.io/hashicorp/aws\"]",
      "instances": [
        {
          "schema_version": 0,
          "attributes": {
            "id": "4118340983",
            "json": "{\n  \"Version\": \"2012-10-17\",\n  \"Statement\": [\n    {\n      \"Sid\": \"\",\n      \"Effect\": \"Allow\",\n      \"Action\": \"s3:GetObject\",\n      \"Resource\": \"arn:aws:s3:::kulturbot.app/*\",\n      \"Principal\": {\n        \"AWS\": \"arn:aws:iam::cloudfront:user/CloudFront Origin Access Identity E2B8SHIIKA1S6J\"\n      }\n    },\n    {\n      \"Sid\": \"\",\n      \"Effect\": \"Allow\",\n      \"Action\": \"s3:ListBucket\",\n      \"Resource\": \"arn:aws:s3:::kulturbot.app\",\n      \"Principal\": {\n        \"AWS\": \"arn:aws:iam::cloudfront:user/CloudFront Origin Access Identity E2B8SHIIKA1S6J\"\n      }\n    }\n  ]\n}",
            "override_json": null,
            "override_policy_documents": null,
            "policy_id": null,
            "source_json": null,
            "source_policy_documents": null,
            "statement": [
              {
                "actions": [
                  "s3:GetObject"
                ],
                "condition": [],
                "effect": "Allow",
                "not_actions": [],
                "not_principals": [],
                "not_resources": [],
                "principals": [
                  {
                    "identifiers": [
                      "arn:aws:iam::cloudfront:user/CloudFront Origin Access Identity E2B8SHIIKA1S6J"
                    ],
                    "type": "AWS"
                  }
                ],
                "resources": [
                  "arn:aws:s3:::kulturbot.app/*"
                ],
                "sid": ""
              },
              {
                "actions": [
                  "s3:ListBucket"
                ],
                "condition": [],
                "effect": "Allow",
                "not_actions": [],
                "not_principals": [],
                "not_resources": [],
                "principals": [
                  {
                    "identifiers": [
                      "arn:aws:iam::cloudfront:user/CloudFront Origin Access Identity E2B8SHIIKA1S6J"
                    ],
                    "type": "AWS"
                  }
                ],
                "resources": [
                  "arn:aws:s3:::kulturbot.app"
                ],
                "sid": ""
              }
            ],
            "version": "2012-10-17"
          },
          "sensitive_attributes": []
        }
      ]
    },
    {
      "module": "module.website",
      "mode": "managed",
      "type": "aws_acm_certificate",
      "name": "cert",
      "provider": "provider[\"registry.terraform.io/hashicorp/aws\"]",
      "instances": [
        {
          "schema_version": 0,
          "attributes": {
            "arn": "arn:aws:acm:us-east-1:397468533469:certificate/34fbffa7-6c71-46f5-9dc4-2286bf48de8e",
            "certificate_authority_arn": "",
            "certificate_body": null,
            "certificate_chain": null,
            "domain_name": "kulturbot.app",
            "domain_validation_options": [
              {
                "domain_name": "kulturbot.app",
                "resource_record_name": "_06f0b9f0733fe42373cbd4eb1076f984.kulturbot.app.",
                "resource_record_type": "CNAME",
                "resource_record_value": "_a1e84fe229520295423665e9563b2724.dhzvlrndnj.acm-validations.aws."
              }
            ],
            "id": "arn:aws:acm:us-east-1:397468533469:certificate/34fbffa7-6c71-46f5-9dc4-2286bf48de8e",
            "not_after": "2023-10-10T23:59:59Z",
            "not_before": "2022-09-11T00:00:00Z",
            "options": [
              {
                "certificate_transparency_logging_preference": "ENABLED"
              }
            ],
            "private_key": null,
            "status": "ISSUED",
            "subject_alternative_names": [
              "kulturbot.app"
            ],
            "tags": {},
            "tags_all": {},
            "validation_emails": [],
            "validation_method": "DNS",
            "validation_option": []
          },
          "sensitive_attributes": [],
          "private": "bnVsbA==",
          "create_before_destroy": true
        }
      ]
    },
    {
      "module": "module.website",
      "mode": "managed",
      "type": "aws_acm_certificate_validation",
      "name": "cert",
      "provider": "provider[\"registry.terraform.io/hashicorp/aws\"]",
      "instances": [
        {
          "schema_version": 0,
          "attributes": {
            "certificate_arn": "arn:aws:acm:us-east-1:397468533469:certificate/34fbffa7-6c71-46f5-9dc4-2286bf48de8e",
            "id": "2022-09-11 22:05:11.736 +0000 UTC",
            "timeouts": null,
            "validation_record_fqdns": [
              "_06f0b9f0733fe42373cbd4eb1076f984.kulturbot.app"
            ]
          },
          "sensitive_attributes": [],
          "private": "eyJlMmJmYjczMC1lY2FhLTExZTYtOGY4OC0zNDM2M2JjN2M0YzAiOnsiY3JlYXRlIjo0NTAwMDAwMDAwMDAwfX0=",
          "dependencies": [
            "module.website.aws_acm_certificate.cert",
            "module.website.aws_route53_record.cert_validation",
            "module.website.aws_route53_zone.primary"
          ]
        }
      ]
    },
    {
      "module": "module.website",
      "mode": "managed",
      "type": "aws_cloudfront_distribution",
      "name": "prod_distribution",
      "provider": "provider[\"registry.terraform.io/hashicorp/aws\"]",
      "instances": [
        {
          "schema_version": 1,
          "attributes": {
            "aliases": [
              "kulturbot.app"
            ],
            "arn": "arn:aws:cloudfront::397468533469:distribution/E1HX1HKTNCOM8Q",
            "caller_reference": "terraform-20220911220502004700000004",
            "comment": null,
            "custom_error_response": [
              {
                "error_caching_min_ttl": 3000,
                "error_code": 404,
                "response_code": 200,
                "response_page_path": "/index.html"
              }
            ],
            "default_cache_behavior": [
              {
                "allowed_methods": [
                  "DELETE",
                  "GET",
                  "HEAD",
                  "OPTIONS",
                  "PATCH",
                  "POST",
                  "PUT"
                ],
                "cache_policy_id": "",
                "cached_methods": [
                  "GET",
                  "HEAD"
                ],
                "compress": false,
                "default_ttl": 3600,
                "field_level_encryption_id": "",
                "forwarded_values": [
                  {
                    "cookies": [
                      {
                        "forward": "none",
                        "whitelisted_names": []
                      }
                    ],
                    "headers": [],
                    "query_string": true,
                    "query_string_cache_keys": []
                  }
                ],
                "function_association": [],
                "lambda_function_association": [],
                "max_ttl": 86400,
                "min_ttl": 0,
                "origin_request_policy_id": "",
                "realtime_log_config_arn": "",
                "response_headers_policy_id": "",
                "smooth_streaming": false,
                "target_origin_id": "S3-kulturbot.app",
                "trusted_key_groups": [],
                "trusted_signers": [],
                "viewer_protocol_policy": "redirect-to-https"
              }
            ],
            "default_root_object": "index.html",
            "domain_name": "d26a8svjochf8k.cloudfront.net",
            "enabled": true,
            "etag": "E18GO3NCR8V0A8",
            "hosted_zone_id": "Z2FDTNDATAQYW2",
            "http_version": "http2",
            "id": "E1HX1HKTNCOM8Q",
            "in_progress_validation_batches": 0,
            "is_ipv6_enabled": true,
            "last_modified_time": "2022-09-18 15:19:06.323 +0000 UTC",
            "logging_config": [],
            "ordered_cache_behavior": [],
            "origin": [
              {
                "connection_attempts": 3,
                "connection_timeout": 10,
                "custom_header": [],
                "custom_origin_config": [],
                "domain_name": "kulturbot.app.s3.amazonaws.com",
                "origin_id": "S3-kulturbot.app",
                "origin_path": "",
                "origin_shield": [],
                "s3_origin_config": [
                  {
                    "origin_access_identity": "origin-access-identity/cloudfront/E2B8SHIIKA1S6J"
                  }
                ]
              }
            ],
            "origin_group": [],
            "price_class": "PriceClass_100",
            "restrictions": [
              {
                "geo_restriction": [
                  {
                    "locations": [],
                    "restriction_type": "none"
                  }
                ]
              }
            ],
            "retain_on_delete": false,
            "status": "Deployed",
            "tags": {},
            "tags_all": {},
            "trusted_key_groups": [
              {
                "enabled": false,
                "items": []
              }
            ],
            "trusted_signers": [
              {
                "enabled": false,
                "items": []
              }
            ],
            "viewer_certificate": [
              {
                "acm_certificate_arn": "arn:aws:acm:us-east-1:397468533469:certificate/34fbffa7-6c71-46f5-9dc4-2286bf48de8e",
                "cloudfront_default_certificate": false,
                "iam_certificate_id": "",
                "minimum_protocol_version": "TLSv1",
                "ssl_support_method": "sni-only"
              }
            ],
            "wait_for_deployment": true,
            "web_acl_id": ""
          },
          "sensitive_attributes": [],
          "private": "eyJzY2hlbWFfdmVyc2lvbiI6IjEifQ==",
          "dependencies": [
            "module.website.aws_acm_certificate.cert",
            "module.website.aws_cloudfront_origin_access_identity.origin_access_identity",
            "module.website.aws_s3_bucket.website_bucket",
            "module.website.data.aws_iam_policy_document.website_policy"
          ]
        }
      ]
    },
    {
      "module": "module.website",
      "mode": "managed",
      "type": "aws_cloudfront_origin_access_identity",
      "name": "origin_access_identity",
      "provider": "provider[\"registry.terraform.io/hashicorp/aws\"]",
      "instances": [
        {
          "schema_version": 0,
          "attributes": {
            "caller_reference": "terraform-20220911220449363100000001",
            "cloudfront_access_identity_path": "origin-access-identity/cloudfront/E2B8SHIIKA1S6J",
            "comment": null,
            "etag": "EZIR392EPZS2D",
            "iam_arn": "arn:aws:iam::cloudfront:user/CloudFront Origin Access Identity E2B8SHIIKA1S6J",
            "id": "E2B8SHIIKA1S6J",
            "s3_canonical_user_id": "9fb08bf4c006da06c3c2127f1e025bdade1f4ca04f8622fe54281b1b614bcfa198010807888e121e2deed2f3085ba30d"
          },
          "sensitive_attributes": [],
          "private": "bnVsbA=="
        }
      ]
    },
    {
      "module": "module.website",
      "mode": "managed",
      "type": "aws_route53_record",
      "name": "cert_validation",
      "provider": "provider[\"registry.terraform.io/hashicorp/aws\"]",
      "instances": [
        {
          "index_key": "kulturbot.app",
          "schema_version": 2,
          "attributes": {
            "alias": [],
            "allow_overwrite": true,
            "failover_routing_policy": [],
            "fqdn": "_06f0b9f0733fe42373cbd4eb1076f984.kulturbot.app",
            "geolocation_routing_policy": [],
            "health_check_id": "",
            "id": "Z0032332363P87D6J2AFW__06f0b9f0733fe42373cbd4eb1076f984.kulturbot.app._CNAME",
            "latency_routing_policy": [],
            "multivalue_answer_routing_policy": null,
            "name": "_06f0b9f0733fe42373cbd4eb1076f984.kulturbot.app",
            "records": [
              "_a1e84fe229520295423665e9563b2724.dhzvlrndnj.acm-validations.aws."
            ],
            "set_identifier": "",
            "ttl": 60,
            "type": "CNAME",
            "weighted_routing_policy": [],
            "zone_id": "Z0032332363P87D6J2AFW"
          },
          "sensitive_attributes": [],
          "private": "eyJzY2hlbWFfdmVyc2lvbiI6IjIifQ==",
          "dependencies": [
            "module.website.aws_route53_zone.primary",
            "module.website.aws_acm_certificate.cert"
          ]
        }
      ]
    },
    {
      "module": "module.website",
      "mode": "managed",
      "type": "aws_route53_record",
      "name": "www",
      "provider": "provider[\"registry.terraform.io/hashicorp/aws\"]",
      "instances": [
        {
          "schema_version": 2,
          "attributes": {
            "alias": [
              {
                "evaluate_target_health": false,
                "name": "d26a8svjochf8k.cloudfront.net",
                "zone_id": "Z2FDTNDATAQYW2"
              }
            ],
            "allow_overwrite": null,
            "failover_routing_policy": [],
            "fqdn": "kulturbot.app",
            "geolocation_routing_policy": [],
            "health_check_id": "",
            "id": "Z0032332363P87D6J2AFW_kulturbot.app_A",
            "latency_routing_policy": [],
            "multivalue_answer_routing_policy": null,
            "name": "kulturbot.app",
            "records": [],
            "set_identifier": "",
            "ttl": 0,
            "type": "A",
            "weighted_routing_policy": [],
            "zone_id": "Z0032332363P87D6J2AFW"
          },
          "sensitive_attributes": [],
          "private": "eyJzY2hlbWFfdmVyc2lvbiI6IjIifQ==",
          "dependencies": [
            "module.website.aws_acm_certificate.cert",
            "module.website.aws_cloudfront_distribution.prod_distribution",
            "module.website.aws_cloudfront_origin_access_identity.origin_access_identity",
            "module.website.aws_route53_zone.primary",
            "module.website.aws_s3_bucket.website_bucket",
            "module.website.data.aws_iam_policy_document.website_policy"
          ]
        }
      ]
    },
    {
      "module": "module.website",
      "mode": "managed",
      "type": "aws_route53_zone",
      "name": "primary",
      "provider": "provider[\"registry.terraform.io/hashicorp/aws\"]",
      "instances": [
        {
          "schema_version": 0,
          "attributes": {
            "arn": "arn:aws:route53:::hostedzone/Z0032332363P87D6J2AFW",
            "comment": "Managed by Terraform",
            "delegation_set_id": "",
            "force_destroy": false,
            "id": "Z0032332363P87D6J2AFW",
            "name": "kulturbot.app",
            "name_servers": [
              "ns-110.awsdns-13.com",
              "ns-1109.awsdns-10.org",
              "ns-1564.awsdns-03.co.uk",
              "ns-900.awsdns-48.net"
            ],
            "tags": {},
            "tags_all": {},
            "vpc": [],
            "zone_id": "Z0032332363P87D6J2AFW"
          },
          "sensitive_attributes": [],
          "private": "bnVsbA=="
        }
      ]
    },
    {
      "module": "module.website",
      "mode": "managed",
      "type": "aws_s3_bucket",
      "name": "website_bucket",
      "provider": "provider[\"registry.terraform.io/hashicorp/aws\"]",
      "instances": [
        {
          "schema_version": 0,
          "attributes": {
            "acceleration_status": "",
            "acl": "private",
            "arn": "arn:aws:s3:::kulturbot.app",
            "bucket": "kulturbot.app",
            "bucket_domain_name": "kulturbot.app.s3.amazonaws.com",
            "bucket_prefix": null,
            "bucket_regional_domain_name": "kulturbot.app.s3.amazonaws.com",
            "cors_rule": [],
            "force_destroy": false,
            "grant": [
              {
                "id": "4eb7fa676ab80b2f697c8fa33bc41971e19b50e39be486619fb854b70e82a918",
                "permissions": [
                  "FULL_CONTROL"
                ],
                "type": "CanonicalUser",
                "uri": ""
              }
            ],
            "hosted_zone_id": "Z3AQBSTGFYJSTF",
            "id": "kulturbot.app",
            "lifecycle_rule": [],
            "logging": [],
            "object_lock_configuration": [],
            "object_lock_enabled": false,
            "policy": "{\"Version\":\"2012-10-17\",\"Statement\":[{\"Sid\":\"\",\"Effect\":\"Allow\",\"Principal\":{\"AWS\":\"arn:aws:iam::cloudfront:user/CloudFront Origin Access Identity E2B8SHIIKA1S6J\"},\"Action\":\"s3:GetObject\",\"Resource\":\"arn:aws:s3:::kulturbot.app/*\"},{\"Sid\":\"\",\"Effect\":\"Allow\",\"Principal\":{\"AWS\":\"arn:aws:iam::cloudfront:user/CloudFront Origin Access Identity E2B8SHIIKA1S6J\"},\"Action\":\"s3:ListBucket\",\"Resource\":\"arn:aws:s3:::kulturbot.app\"}]}",
            "region": "us-east-1",
            "replication_configuration": [],
            "request_payer": "BucketOwner",
            "server_side_encryption_configuration": [],
            "tags": {},
            "tags_all": {},
            "timeouts": null,
            "versioning": [
              {
                "enabled": false,
                "mfa_delete": false
              }
            ],
            "website": [
              {
                "error_document": "",
                "index_document": "index.html",
                "redirect_all_requests_to": "",
                "routing_rules": ""
              }
            ],
            "website_domain": "s3-website-us-east-1.amazonaws.com",
            "website_endpoint": "kulturbot.app.s3-website-us-east-1.amazonaws.com"
          },
          "sensitive_attributes": [],
          "private": "eyJlMmJmYjczMC1lY2FhLTExZTYtOGY4OC0zNDM2M2JjN2M0YzAiOnsiY3JlYXRlIjoxMjAwMDAwMDAwMDAwLCJkZWxldGUiOjM2MDAwMDAwMDAwMDAsInJlYWQiOjEyMDAwMDAwMDAwMDAsInVwZGF0ZSI6MTIwMDAwMDAwMDAwMH19",
          "dependencies": [
            "module.website.aws_cloudfront_origin_access_identity.origin_access_identity",
            "module.website.data.aws_iam_policy_document.website_policy"
          ]
        }
      ]
    }
  ]
}
